// !$*UTF8*$!
{
	archiveVersion = 1;
	classes = {
	};
	objectVersion = 52;
	objects = {

/* Begin PBXBuildFile section */
		063271FE2B39A5BA006D2C48 /* BaseNewsVC.swift in Sources */ = {isa = PBXBuildFile; fileRef = 063271FD2B39A5BA006D2C48 /* BaseNewsVC.swift */; };
		063272022B3AA350006D2C48 /* TechnologyCollectionViewCell.swift in Sources */ = {isa = PBXBuildFile; fileRef = 063272012B3AA350006D2C48 /* TechnologyCollectionViewCell.swift */; };
		063272052B3AE59E006D2C48 /* TechnologyViewModel.swift in Sources */ = {isa = PBXBuildFile; fileRef = 063272042B3AE59E006D2C48 /* TechnologyViewModel.swift */; };
		0649B8062B20D7C200EC103F /* InfoVC.swift in Sources */ = {isa = PBXBuildFile; fileRef = 0649B8052B20D7C200EC103F /* InfoVC.swift */; };
		0649B81A2B25FBF400EC103F /* DetailsCollectionViewCell.swift in Sources */ = {isa = PBXBuildFile; fileRef = 0649B8192B25FBF400EC103F /* DetailsCollectionViewCell.swift */; };
		0649B81D2B2637C500EC103F /* GeneralViewController.swift in Sources */ = {isa = PBXBuildFile; fileRef = 0649B8152B25F71400EC103F /* GeneralViewController.swift */; };
		0649B8222B26D9B000EC103F /* GeneralViewModel.swift in Sources */ = {isa = PBXBuildFile; fileRef = 0649B8212B26D9B000EC103F /* GeneralViewModel.swift */; };
		064C8ED12B358CBD00545CFD /* TableCollectionViewSection.swift in Sources */ = {isa = PBXBuildFile; fileRef = 064C8ED02B358CBD00545CFD /* TableCollectionViewSection.swift */; };
		064C8ED42B3953D900545CFD /* NewsListViewModel.swift in Sources */ = {isa = PBXBuildFile; fileRef = 064C8ED32B3953D900545CFD /* NewsListViewModel.swift */; };
		065F53372B2821230033A689 /* NewsResponseObject.swift in Sources */ = {isa = PBXBuildFile; fileRef = 065F53362B2821230033A689 /* NewsResponseObject.swift */; };
		065F533A2B2826FE0033A689 /* ArticleResponceObject.swift in Sources */ = {isa = PBXBuildFile; fileRef = 065F53392B2826FE0033A689 /* ArticleResponceObject.swift */; };
		065F533F2B285AEE0033A689 /* ArticleCellViewModel.swift in Sources */ = {isa = PBXBuildFile; fileRef = 065F533E2B285AEE0033A689 /* ArticleCellViewModel.swift */; };
		065F53472B29AB2A0033A689 /* ApiManager.swift in Sources */ = {isa = PBXBuildFile; fileRef = 065F53462B29AB2A0033A689 /* ApiManager.swift */; };
		065F534C2B2AEF040033A689 /* NetworkingError.swift in Sources */ = {isa = PBXBuildFile; fileRef = 065F534B2B2AEF040033A689 /* NetworkingError.swift */; };
		065F534F2B2E26FB0033A689 /* NewsViewModel.swift in Sources */ = {isa = PBXBuildFile; fileRef = 065F534E2B2E26FB0033A689 /* NewsViewModel.swift */; };
		065F53592B30C0FD0033A689 /* BusinessViewModel.swift in Sources */ = {isa = PBXBuildFile; fileRef = 065F53582B30C0FD0033A689 /* BusinessViewModel.swift */; };
		06DDE7842B1E5B510046D569 /* AppDelegate.swift in Sources */ = {isa = PBXBuildFile; fileRef = 06DDE7832B1E5B510046D569 /* AppDelegate.swift */; };
		06DDE78D2B1E5B540046D569 /* Assets.xcassets in Resources */ = {isa = PBXBuildFile; fileRef = 06DDE78C2B1E5B540046D569 /* Assets.xcassets */; };
		06DDE7902B1E5B540046D569 /* LaunchScreen.storyboard in Resources */ = {isa = PBXBuildFile; fileRef = 06DDE78E2B1E5B540046D569 /* LaunchScreen.storyboard */; };
		06DDE79B2B1F38210046D569 /* TabBarController.swift in Sources */ = {isa = PBXBuildFile; fileRef = 06DDE79A2B1F38210046D569 /* TabBarController.swift */; };
		06DDE79F2B1FC0AF0046D569 /* BusinessViewController.swift in Sources */ = {isa = PBXBuildFile; fileRef = 06DDE79E2B1FC0AF0046D569 /* BusinessViewController.swift */; };
		06DDE7A42B1FC0E30046D569 /* TechnologyViewController.swift in Sources */ = {isa = PBXBuildFile; fileRef = 06DDE7A32B1FC0E30046D569 /* TechnologyViewController.swift */; };
		06DDE7AA2B2076460046D569 /* SnapKit in Frameworks */ = {isa = PBXBuildFile; productRef = 06DDE7A92B2076460046D569 /* SnapKit */; };
		06DDE7B02B208AF00046D569 /* GeneralCollectionViewCell.swift in Sources */ = {isa = PBXBuildFile; fileRef = 06DDE7AF2B208AF00046D569 /* GeneralCollectionViewCell.swift */; };
/* End PBXBuildFile section */

/* Begin PBXFileReference section */
		063271FD2B39A5BA006D2C48 /* BaseNewsVC.swift */ = {isa = PBXFileReference; lastKnownFileType = sourcecode.swift; path = BaseNewsVC.swift; sourceTree = "<group>"; };
		063272012B3AA350006D2C48 /* TechnologyCollectionViewCell.swift */ = {isa = PBXFileReference; lastKnownFileType = sourcecode.swift; path = TechnologyCollectionViewCell.swift; sourceTree = "<group>"; };
		063272042B3AE59E006D2C48 /* TechnologyViewModel.swift */ = {isa = PBXFileReference; lastKnownFileType = sourcecode.swift; path = TechnologyViewModel.swift; sourceTree = "<group>"; };
		0649B8052B20D7C200EC103F /* InfoVC.swift */ = {isa = PBXFileReference; lastKnownFileType = sourcecode.swift; path = InfoVC.swift; sourceTree = "<group>"; };
		0649B8152B25F71400EC103F /* GeneralViewController.swift */ = {isa = PBXFileReference; fileEncoding = 4; lastKnownFileType = sourcecode.swift; path = GeneralViewController.swift; sourceTree = "<group>"; };
		0649B8192B25FBF400EC103F /* DetailsCollectionViewCell.swift */ = {isa = PBXFileReference; lastKnownFileType = sourcecode.swift; path = DetailsCollectionViewCell.swift; sourceTree = "<group>"; };
		0649B8212B26D9B000EC103F /* GeneralViewModel.swift */ = {isa = PBXFileReference; lastKnownFileType = sourcecode.swift; path = GeneralViewModel.swift; sourceTree = "<group>"; };
		064C8ED02B358CBD00545CFD /* TableCollectionViewSection.swift */ = {isa = PBXFileReference; lastKnownFileType = sourcecode.swift; path = TableCollectionViewSection.swift; sourceTree = "<group>"; };
		064C8ED32B3953D900545CFD /* NewsListViewModel.swift */ = {isa = PBXFileReference; lastKnownFileType = sourcecode.swift; path = NewsListViewModel.swift; sourceTree = "<group>"; };
		065F53362B2821230033A689 /* NewsResponseObject.swift */ = {isa = PBXFileReference; lastKnownFileType = sourcecode.swift; path = NewsResponseObject.swift; sourceTree = "<group>"; };
		065F53392B2826FE0033A689 /* ArticleResponceObject.swift */ = {isa = PBXFileReference; lastKnownFileType = sourcecode.swift; path = ArticleResponceObject.swift; sourceTree = "<group>"; };
		065F533E2B285AEE0033A689 /* ArticleCellViewModel.swift */ = {isa = PBXFileReference; lastKnownFileType = sourcecode.swift; path = ArticleCellViewModel.swift; sourceTree = "<group>"; };
		065F53462B29AB2A0033A689 /* ApiManager.swift */ = {isa = PBXFileReference; lastKnownFileType = sourcecode.swift; path = ApiManager.swift; sourceTree = "<group>"; };
		065F534B2B2AEF040033A689 /* NetworkingError.swift */ = {isa = PBXFileReference; lastKnownFileType = sourcecode.swift; path = NetworkingError.swift; sourceTree = "<group>"; };
		065F534E2B2E26FB0033A689 /* NewsViewModel.swift */ = {isa = PBXFileReference; lastKnownFileType = sourcecode.swift; path = NewsViewModel.swift; sourceTree = "<group>"; };
		065F53582B30C0FD0033A689 /* BusinessViewModel.swift */ = {isa = PBXFileReference; lastKnownFileType = sourcecode.swift; path = BusinessViewModel.swift; sourceTree = "<group>"; };
		06DDE7802B1E5B510046D569 /* NewsAPI.app */ = {isa = PBXFileReference; explicitFileType = wrapper.application; includeInIndex = 0; path = NewsAPI.app; sourceTree = BUILT_PRODUCTS_DIR; };
		06DDE7832B1E5B510046D569 /* AppDelegate.swift */ = {isa = PBXFileReference; lastKnownFileType = sourcecode.swift; path = AppDelegate.swift; sourceTree = "<group>"; };
		06DDE78C2B1E5B540046D569 /* Assets.xcassets */ = {isa = PBXFileReference; lastKnownFileType = folder.assetcatalog; path = Assets.xcassets; sourceTree = "<group>"; };
		06DDE78F2B1E5B540046D569 /* Base */ = {isa = PBXFileReference; lastKnownFileType = file.storyboard; name = Base; path = Base.lproj/LaunchScreen.storyboard; sourceTree = "<group>"; };
		06DDE7912B1E5B540046D569 /* Info.plist */ = {isa = PBXFileReference; lastKnownFileType = text.plist.xml; path = Info.plist; sourceTree = "<group>"; };
		06DDE79A2B1F38210046D569 /* TabBarController.swift */ = {isa = PBXFileReference; lastKnownFileType = sourcecode.swift; path = TabBarController.swift; sourceTree = "<group>"; };
		06DDE79E2B1FC0AF0046D569 /* BusinessViewController.swift */ = {isa = PBXFileReference; lastKnownFileType = sourcecode.swift; path = BusinessViewController.swift; sourceTree = "<group>"; };
		06DDE7A32B1FC0E30046D569 /* TechnologyViewController.swift */ = {isa = PBXFileReference; lastKnownFileType = sourcecode.swift; path = TechnologyViewController.swift; sourceTree = "<group>"; };
		06DDE7AF2B208AF00046D569 /* GeneralCollectionViewCell.swift */ = {isa = PBXFileReference; lastKnownFileType = sourcecode.swift; path = GeneralCollectionViewCell.swift; sourceTree = "<group>"; };
/* End PBXFileReference section */

/* Begin PBXFrameworksBuildPhase section */
		06DDE77D2B1E5B510046D569 /* Frameworks */ = {
			isa = PBXFrameworksBuildPhase;
			buildActionMask = 2147483647;
			files = (
				06DDE7AA2B2076460046D569 /* SnapKit in Frameworks */,
			);
			runOnlyForDeploymentPostprocessing = 0;
		};
/* End PBXFrameworksBuildPhase section */

/* Begin PBXGroup section */
		063271FC2B39A51C006D2C48 /* VC */ = {
			isa = PBXGroup;
			children = (
				06DDE79A2B1F38210046D569 /* TabBarController.swift */,
				063271FD2B39A5BA006D2C48 /* BaseNewsVC.swift */,
				065F53412B286E8C0033A689 /* InfoVC  */,
				06DDE7AC2B208A840046D569 /* GeneralVC */,
				06DDE7AD2B208A980046D569 /* BusinessVC */,
				06DDE7AE2B208AAA0046D569 /* TechnologiVC */,
			);
			path = VC;
			sourceTree = "<group>";
		};
		0649B8102B25BF6D00EC103F /* Model */ = {
			isa = PBXGroup;
			children = (
				064C8ED32B3953D900545CFD /* NewsListViewModel.swift */,
				065F534E2B2E26FB0033A689 /* NewsViewModel.swift */,
				065F53362B2821230033A689 /* NewsResponseObject.swift */,
				065F53392B2826FE0033A689 /* ArticleResponceObject.swift */,
				064C8ED02B358CBD00545CFD /* TableCollectionViewSection.swift */,
			);
			path = Model;
			sourceTree = "<group>";
		};
		0649B81F2B26D91C00EC103F /* View */ = {
			isa = PBXGroup;
			children = (
				0649B8152B25F71400EC103F /* GeneralViewController.swift */,
				06DDE7AF2B208AF00046D569 /* GeneralCollectionViewCell.swift */,
			);
			path = View;
			sourceTree = "<group>";
		};
		0649B8242B26D9BA00EC103F /* ViewModel */ = {
			isa = PBXGroup;
			children = (
				0649B8212B26D9B000EC103F /* GeneralViewModel.swift */,
				065F533E2B285AEE0033A689 /* ArticleCellViewModel.swift */,
			);
			path = ViewModel;
			sourceTree = "<group>";
		};
		064C8ECB2B31BAC700545CFD /* View */ = {
			isa = PBXGroup;
			children = (
				06DDE79E2B1FC0AF0046D569 /* BusinessViewController.swift */,
				0649B8192B25FBF400EC103F /* DetailsCollectionViewCell.swift */,
			);
			path = View;
			sourceTree = "<group>";
		};
		065F53412B286E8C0033A689 /* InfoVC  */ = {
			isa = PBXGroup;
			children = (
				0649B8052B20D7C200EC103F /* InfoVC.swift */,
			);
			path = "InfoVC ";
			sourceTree = "<group>";
		};
		065F53492B29ACB10033A689 /* Networking */ = {
			isa = PBXGroup;
			children = (
				065F53462B29AB2A0033A689 /* ApiManager.swift */,
				065F534B2B2AEF040033A689 /* NetworkingError.swift */,
			);
			path = Networking;
			sourceTree = "<group>";
		};
		065F535B2B30C1080033A689 /* BusinessViewModel */ = {
			isa = PBXGroup;
			children = (
				065F53582B30C0FD0033A689 /* BusinessViewModel.swift */,
			);
			path = BusinessViewModel;
			sourceTree = "<group>";
		};
		06DDE7772B1E5B510046D569 = {
			isa = PBXGroup;
			children = (
				06DDE7822B1E5B510046D569 /* NewsAPI */,
				06DDE7812B1E5B510046D569 /* Products */,
			);
			sourceTree = "<group>";
		};
		06DDE7812B1E5B510046D569 /* Products */ = {
			isa = PBXGroup;
			children = (
				06DDE7802B1E5B510046D569 /* NewsAPI.app */,
			);
			name = Products;
			sourceTree = "<group>";
		};
		06DDE7822B1E5B510046D569 /* NewsAPI */ = {
			isa = PBXGroup;
			children = (
				063271FC2B39A51C006D2C48 /* VC */,
				06DDE7832B1E5B510046D569 /* AppDelegate.swift */,
				065F53492B29ACB10033A689 /* Networking */,
				0649B8102B25BF6D00EC103F /* Model */,
				06DDE78C2B1E5B540046D569 /* Assets.xcassets */,
				06DDE78E2B1E5B540046D569 /* LaunchScreen.storyboard */,
				06DDE7912B1E5B540046D569 /* Info.plist */,
			);
			path = NewsAPI;
			sourceTree = "<group>";
		};
		06DDE7AC2B208A840046D569 /* GeneralVC */ = {
			isa = PBXGroup;
			children = (
				0649B8242B26D9BA00EC103F /* ViewModel */,
				0649B81F2B26D91C00EC103F /* View */,
			);
			path = GeneralVC;
			sourceTree = "<group>";
		};
		06DDE7AD2B208A980046D569 /* BusinessVC */ = {
			isa = PBXGroup;
			children = (
				065F535B2B30C1080033A689 /* BusinessViewModel */,
				064C8ECB2B31BAC700545CFD /* View */,
			);
			path = BusinessVC;
			sourceTree = "<group>";
		};
		06DDE7AE2B208AAA0046D569 /* TechnologiVC */ = {
			isa = PBXGroup;
			children = (
				06DDE7A32B1FC0E30046D569 /* TechnologyViewController.swift */,
				063272012B3AA350006D2C48 /* TechnologyCollectionViewCell.swift */,
				063272042B3AE59E006D2C48 /* TechnologyViewModel.swift */,
			);
			path = TechnologiVC;
			sourceTree = "<group>";
		};
/* End PBXGroup section */

/* Begin PBXNativeTarget section */
		06DDE77F2B1E5B510046D569 /* NewsAPI */ = {
			isa = PBXNativeTarget;
			buildConfigurationList = 06DDE7942B1E5B540046D569 /* Build configuration list for PBXNativeTarget "NewsAPI" */;
			buildPhases = (
				06DDE77C2B1E5B510046D569 /* Sources */,
				06DDE77D2B1E5B510046D569 /* Frameworks */,
				06DDE77E2B1E5B510046D569 /* Resources */,
			);
			buildRules = (
			);
			dependencies = (
			);
			name = NewsAPI;
			packageProductDependencies = (
				06DDE7A92B2076460046D569 /* SnapKit */,
			);
			productName = NewsAPI;
			productReference = 06DDE7802B1E5B510046D569 /* NewsAPI.app */;
			productType = "com.apple.product-type.application";
		};
/* End PBXNativeTarget section */

/* Begin PBXProject section */
		06DDE7782B1E5B510046D569 /* Project object */ = {
			isa = PBXProject;
			attributes = {
				LastSwiftUpdateCheck = 1240;
				LastUpgradeCheck = 1240;
				TargetAttributes = {
					06DDE77F2B1E5B510046D569 = {
						CreatedOnToolsVersion = 12.4;
					};
				};
			};
			buildConfigurationList = 06DDE77B2B1E5B510046D569 /* Build configuration list for PBXProject "NewsAPI" */;
			compatibilityVersion = "Xcode 9.3";
			developmentRegion = en;
			hasScannedForEncodings = 0;
			knownRegions = (
				en,
				Base,
			);
			mainGroup = 06DDE7772B1E5B510046D569;
			packageReferences = (
				06DDE7A82B2076460046D569 /* XCRemoteSwiftPackageReference "SnapKit" */,
			);
			productRefGroup = 06DDE7812B1E5B510046D569 /* Products */;
			projectDirPath = "";
			projectRoot = "";
			targets = (
				06DDE77F2B1E5B510046D569 /* NewsAPI */,
			);
		};
/* End PBXProject section */

/* Begin PBXResourcesBuildPhase section */
		06DDE77E2B1E5B510046D569 /* Resources */ = {
			isa = PBXResourcesBuildPhase;
			buildActionMask = 2147483647;
			files = (
				06DDE7902B1E5B540046D569 /* LaunchScreen.storyboard in Resources */,
				06DDE78D2B1E5B540046D569 /* Assets.xcassets in Resources */,
			);
			runOnlyForDeploymentPostprocessing = 0;
		};
/* End PBXResourcesBuildPhase section */

/* Begin PBXSourcesBuildPhase section */
		06DDE77C2B1E5B510046D569 /* Sources */ = {
			isa = PBXSourcesBuildPhase;
			buildActionMask = 2147483647;
			files = (
				063271FE2B39A5BA006D2C48 /* BaseNewsVC.swift in Sources */,
				065F533F2B285AEE0033A689 /* ArticleCellViewModel.swift in Sources */,
				06DDE7B02B208AF00046D569 /* GeneralCollectionViewCell.swift in Sources */,
				0649B81D2B2637C500EC103F /* GeneralViewController.swift in Sources */,
				065F534C2B2AEF040033A689 /* NetworkingError.swift in Sources */,
				0649B8222B26D9B000EC103F /* GeneralViewModel.swift in Sources */,
				064C8ED42B3953D900545CFD /* NewsListViewModel.swift in Sources */,
				064C8ED12B358CBD00545CFD /* TableCollectionViewSection.swift in Sources */,
				06DDE7A42B1FC0E30046D569 /* TechnologyViewController.swift in Sources */,
				06DDE79B2B1F38210046D569 /* TabBarController.swift in Sources */,
				065F53472B29AB2A0033A689 /* ApiManager.swift in Sources */,
				065F534F2B2E26FB0033A689 /* NewsViewModel.swift in Sources */,
				063272052B3AE59E006D2C48 /* TechnologyViewModel.swift in Sources */,
				065F53372B2821230033A689 /* NewsResponseObject.swift in Sources */,
				0649B8062B20D7C200EC103F /* InfoVC.swift in Sources */,
				06DDE79F2B1FC0AF0046D569 /* BusinessViewController.swift in Sources */,
				065F53592B30C0FD0033A689 /* BusinessViewModel.swift in Sources */,
				0649B81A2B25FBF400EC103F /* DetailsCollectionViewCell.swift in Sources */,
				06DDE7842B1E5B510046D569 /* AppDelegate.swift in Sources */,
				063272022B3AA350006D2C48 /* TechnologyCollectionViewCell.swift in Sources */,
				065F533A2B2826FE0033A689 /* ArticleResponceObject.swift in Sources */,
			);
			runOnlyForDeploymentPostprocessing = 0;
		};
/* End PBXSourcesBuildPhase section */

/* Begin PBXVariantGroup section */
		06DDE78E2B1E5B540046D569 /* LaunchScreen.storyboard */ = {
			isa = PBXVariantGroup;
			children = (
				06DDE78F2B1E5B540046D569 /* Base */,
			);
			name = LaunchScreen.storyboard;
			sourceTree = "<group>";
		};
/* End PBXVariantGroup section */

/* Begin XCBuildConfiguration section */
		06DDE7922B1E5B540046D569 /* Debug */ = {
			isa = XCBuildConfiguration;
			buildSettings = {
				ALWAYS_SEARCH_USER_PATHS = NO;
				CLANG_ANALYZER_NONNULL = YES;
				CLANG_ANALYZER_NUMBER_OBJECT_CONVERSION = YES_AGGRESSIVE;
				CLANG_CXX_LANGUAGE_STANDARD = "gnu++14";
				CLANG_CXX_LIBRARY = "libc++";
				CLANG_ENABLE_MODULES = YES;
				CLANG_ENABLE_OBJC_ARC = YES;
				CLANG_ENABLE_OBJC_WEAK = YES;
				CLANG_WARN_BLOCK_CAPTURE_AUTORELEASING = YES;
				CLANG_WARN_BOOL_CONVERSION = YES;
				CLANG_WARN_COMMA = YES;
				CLANG_WARN_CONSTANT_CONVERSION = YES;
				CLANG_WARN_DEPRECATED_OBJC_IMPLEMENTATIONS = YES;
				CLANG_WARN_DIRECT_OBJC_ISA_USAGE = YES_ERROR;
				CLANG_WARN_DOCUMENTATION_COMMENTS = YES;
				CLANG_WARN_EMPTY_BODY = YES;
				CLANG_WARN_ENUM_CONVERSION = YES;
				CLANG_WARN_INFINITE_RECURSION = YES;
				CLANG_WARN_INT_CONVERSION = YES;
				CLANG_WARN_NON_LITERAL_NULL_CONVERSION = YES;
				CLANG_WARN_OBJC_IMPLICIT_RETAIN_SELF = YES;
				CLANG_WARN_OBJC_LITERAL_CONVERSION = YES;
				CLANG_WARN_OBJC_ROOT_CLASS = YES_ERROR;
				CLANG_WARN_QUOTED_INCLUDE_IN_FRAMEWORK_HEADER = YES;
				CLANG_WARN_RANGE_LOOP_ANALYSIS = YES;
				CLANG_WARN_STRICT_PROTOTYPES = YES;
				CLANG_WARN_SUSPICIOUS_MOVE = YES;
				CLANG_WARN_UNGUARDED_AVAILABILITY = YES_AGGRESSIVE;
				CLANG_WARN_UNREACHABLE_CODE = YES;
				CLANG_WARN__DUPLICATE_METHOD_MATCH = YES;
				COPY_PHASE_STRIP = NO;
				DEBUG_INFORMATION_FORMAT = dwarf;
				ENABLE_STRICT_OBJC_MSGSEND = YES;
				ENABLE_TESTABILITY = YES;
				GCC_C_LANGUAGE_STANDARD = gnu11;
				GCC_DYNAMIC_NO_PIC = NO;
				GCC_NO_COMMON_BLOCKS = YES;
				GCC_OPTIMIZATION_LEVEL = 0;
				GCC_PREPROCESSOR_DEFINITIONS = (
					"DEBUG=1",
					"$(inherited)",
				);
				GCC_WARN_64_TO_32_BIT_CONVERSION = YES;
				GCC_WARN_ABOUT_RETURN_TYPE = YES_ERROR;
				GCC_WARN_UNDECLARED_SELECTOR = YES;
				GCC_WARN_UNINITIALIZED_AUTOS = YES_AGGRESSIVE;
				GCC_WARN_UNUSED_FUNCTION = YES;
				GCC_WARN_UNUSED_VARIABLE = YES;
				IPHONEOS_DEPLOYMENT_TARGET = 14.4;
				MTL_ENABLE_DEBUG_INFO = INCLUDE_SOURCE;
				MTL_FAST_MATH = YES;
				ONLY_ACTIVE_ARCH = YES;
				SDKROOT = iphoneos;
				SWIFT_ACTIVE_COMPILATION_CONDITIONS = DEBUG;
				SWIFT_OPTIMIZATION_LEVEL = "-Onone";
			};
			name = Debug;
		};
		06DDE7932B1E5B540046D569 /* Release */ = {
			isa = XCBuildConfiguration;
			buildSettings = {
				ALWAYS_SEARCH_USER_PATHS = NO;
				CLANG_ANALYZER_NONNULL = YES;
				CLANG_ANALYZER_NUMBER_OBJECT_CONVERSION = YES_AGGRESSIVE;
				CLANG_CXX_LANGUAGE_STANDARD = "gnu++14";
				CLANG_CXX_LIBRARY = "libc++";
				CLANG_ENABLE_MODULES = YES;
				CLANG_ENABLE_OBJC_ARC = YES;
				CLANG_ENABLE_OBJC_WEAK = YES;
				CLANG_WARN_BLOCK_CAPTURE_AUTORELEASING = YES;
				CLANG_WARN_BOOL_CONVERSION = YES;
				CLANG_WARN_COMMA = YES;
				CLANG_WARN_CONSTANT_CONVERSION = YES;
				CLANG_WARN_DEPRECATED_OBJC_IMPLEMENTATIONS = YES;
				CLANG_WARN_DIRECT_OBJC_ISA_USAGE = YES_ERROR;
				CLANG_WARN_DOCUMENTATION_COMMENTS = YES;
				CLANG_WARN_EMPTY_BODY = YES;
				CLANG_WARN_ENUM_CONVERSION = YES;
				CLANG_WARN_INFINITE_RECURSION = YES;
				CLANG_WARN_INT_CONVERSION = YES;
				CLANG_WARN_NON_LITERAL_NULL_CONVERSION = YES;
				CLANG_WARN_OBJC_IMPLICIT_RETAIN_SELF = YES;
				CLANG_WARN_OBJC_LITERAL_CONVERSION = YES;
				CLANG_WARN_OBJC_ROOT_CLASS = YES_ERROR;
				CLANG_WARN_QUOTED_INCLUDE_IN_FRAMEWORK_HEADER = YES;
				CLANG_WARN_RANGE_LOOP_ANALYSIS = YES;
				CLANG_WARN_STRICT_PROTOTYPES = YES;
				CLANG_WARN_SUSPICIOUS_MOVE = YES;
				CLANG_WARN_UNGUARDED_AVAILABILITY = YES_AGGRESSIVE;
				CLANG_WARN_UNREACHABLE_CODE = YES;
				CLANG_WARN__DUPLICATE_METHOD_MATCH = YES;
				COPY_PHASE_STRIP = NO;
				DEBUG_INFORMATION_FORMAT = "dwarf-with-dsym";
				ENABLE_NS_ASSERTIONS = NO;
				ENABLE_STRICT_OBJC_MSGSEND = YES;
				GCC_C_LANGUAGE_STANDARD = gnu11;
				GCC_NO_COMMON_BLOCKS = YES;
				GCC_WARN_64_TO_32_BIT_CONVERSION = YES;
				GCC_WARN_ABOUT_RETURN_TYPE = YES_ERROR;
				GCC_WARN_UNDECLARED_SELECTOR = YES;
				GCC_WARN_UNINITIALIZED_AUTOS = YES_AGGRESSIVE;
				GCC_WARN_UNUSED_FUNCTION = YES;
				GCC_WARN_UNUSED_VARIABLE = YES;
				IPHONEOS_DEPLOYMENT_TARGET = 14.4;
				MTL_ENABLE_DEBUG_INFO = NO;
				MTL_FAST_MATH = YES;
				SDKROOT = iphoneos;
				SWIFT_COMPILATION_MODE = wholemodule;
				SWIFT_OPTIMIZATION_LEVEL = "-O";
				VALIDATE_PRODUCT = YES;
			};
			name = Release;
		};
		06DDE7952B1E5B540046D569 /* Debug */ = {
			isa = XCBuildConfiguration;
			buildSettings = {
				ASSETCATALOG_COMPILER_APPICON_NAME = AppIcon;
				ASSETCATALOG_COMPILER_GLOBAL_ACCENT_COLOR_NAME = AccentColor;
				CODE_SIGN_STYLE = Automatic;
				DEVELOPMENT_TEAM = 4DR6RFVM32;
				INFOPLIST_FILE = NewsAPI/Info.plist;
				LD_RUNPATH_SEARCH_PATHS = (
					"$(inherited)",
					"@executable_path/Frameworks",
				);
				PRODUCT_BUNDLE_IDENTIFIER = "Kateryna-Fomenko.NewsAPI";
				PRODUCT_NAME = "$(TARGET_NAME)";
				SWIFT_VERSION = 5.0;
				TARGETED_DEVICE_FAMILY = "1,2";
			};
			name = Debug;
		};
		06DDE7962B1E5B540046D569 /* Release */ = {
			isa = XCBuildConfiguration;
			buildSettings = {
				ASSETCATALOG_COMPILER_APPICON_NAME = AppIcon;
				ASSETCATALOG_COMPILER_GLOBAL_ACCENT_COLOR_NAME = AccentColor;
				CODE_SIGN_STYLE = Automatic;
				DEVELOPMENT_TEAM = 4DR6RFVM32;
				INFOPLIST_FILE = NewsAPI/Info.plist;
				LD_RUNPATH_SEARCH_PATHS = (
					"$(inherited)",
					"@executable_path/Frameworks",
				);
				PRODUCT_BUNDLE_IDENTIFIER = "Kateryna-Fomenko.NewsAPI";
				PRODUCT_NAME = "$(TARGET_NAME)";
				SWIFT_VERSION = 5.0;
				TARGETED_DEVICE_FAMILY = "1,2";
			};
			name = Release;
		};
/* End XCBuildConfiguration section */

/* Begin XCConfigurationList section */
		06DDE77B2B1E5B510046D569 /* Build configuration list for PBXProject "NewsAPI" */ = {
			isa = XCConfigurationList;
			buildConfigurations = (
				06DDE7922B1E5B540046D569 /* Debug */,
				06DDE7932B1E5B540046D569 /* Release */,
			);
			defaultConfigurationIsVisible = 0;
			defaultConfigurationName = Release;
		};
		06DDE7942B1E5B540046D569 /* Build configuration list for PBXNativeTarget "NewsAPI" */ = {
			isa = XCConfigurationList;
			buildConfigurations = (
				06DDE7952B1E5B540046D569 /* Debug */,
				06DDE7962B1E5B540046D569 /* Release */,
			);
			defaultConfigurationIsVisible = 0;
			defaultConfigurationName = Release;
		};
/* End XCConfigurationList section */

/* Begin XCRemoteSwiftPackageReference section */
		06DDE7A82B2076460046D569 /* XCRemoteSwiftPackageReference "SnapKit" */ = {
			isa = XCRemoteSwiftPackageReference;
			repositoryURL = "https://github.com/SnapKit/SnapKit.git";
			requirement = {
				kind = upToNextMajorVersion;
				minimumVersion = 5.6.0;
			};
		};
/* End XCRemoteSwiftPackageReference section */

/* Begin XCSwiftPackageProductDependency section */
		06DDE7A92B2076460046D569 /* SnapKit */ = {
			isa = XCSwiftPackageProductDependency;
			package = 06DDE7A82B2076460046D569 /* XCRemoteSwiftPackageReference "SnapKit" */;
			productName = SnapKit;
		};
/* End XCSwiftPackageProductDependency section */
	};
	rootObject = 06DDE7782B1E5B510046D569 /* Project object */;
}
